<?xml version="1.0" encoding="utf-8"?>
<Project ToolsVersion="4.0" xmlns="http://schemas.microsoft.com/developer/msbuild/2003">
  <ItemGroup>
    <Filter Include="源文件">
      <UniqueIdentifier>{4FC737F1-C7A5-4376-A066-2A32D752A2FF}</UniqueIdentifier>
      <Extensions>cpp;c;cc;cxx;def;odl;idl;hpj;bat;asm;asmx</Extensions>
    </Filter>
    <Filter Include="头文件">
      <UniqueIdentifier>{93995380-89BD-4b04-88EB-625FBE52EBFB}</UniqueIdentifier>
      <Extensions>h;hh;hpp;hxx;hm;inl;inc;xsd</Extensions>
    </Filter>
    <Filter Include="资源文件">
      <UniqueIdentifier>{67DA6AB6-F800-4c08-8B7A-83BB121AAD01}</UniqueIdentifier>
      <Extensions>rc;ico;cur;bmp;dlg;rc2;rct;bin;rgs;gif;jpg;jpeg;jpe;resx;tiff;tif;png;wav;mfcribbon-ms</Extensions>
    </Filter>
  </ItemGroup>
  <ItemGroup>
    <ClInclude Include="P4.3_binary_search_tree.h">
      <Filter>头文件</Filter>
    </ClInclude>
    <ClInclude Include="P4.4_AVL_tree.h">
      <Filter>头文件</Filter>
    </ClInclude>
    <ClInclude Include="Q2.12a.h">
      <Filter>头文件</Filter>
    </ClInclude>
    <ClInclude Include="P4.5_Splay_Tree.h">
      <Filter>头文件</Filter>
    </ClInclude>
    <ClInclude Include="P4.7_B_Tree.h">
      <Filter>头文件</Filter>
    </ClInclude>
    <ClInclude Include="Draw_Binary_Tree.h">
      <Filter>头文件</Filter>
    </ClInclude>
    <ClInclude Include="CommonNode.h">
      <Filter>头文件</Filter>
    </ClInclude>
    <ClInclude Include="P5.3_Separate_Chaining_Hashing.h">
      <Filter>头文件</Filter>
    </ClInclude>
    <ClInclude Include="P6.3_binary_heap.h">
      <Filter>头文件</Filter>
    </ClInclude>
    <ClInclude Include="Draw_Heap.h">
      <Filter>头文件</Filter>
    </ClInclude>
    <ClInclude Include="P6.5_D_Heap.h">
      <Filter>头文件</Filter>
    </ClInclude>
    <ClInclude Include="P6.6_Leftist_Heap.h">
      <Filter>头文件</Filter>
    </ClInclude>
    <ClInclude Include="P6.7_Skew_Heap.h">
      <Filter>头文件</Filter>
    </ClInclude>
    <ClInclude Include="P6.8_Binomial_Queue.h">
      <Filter>头文件</Filter>
    </ClInclude>
    <ClInclude Include="P7Sort.h">
      <Filter>头文件</Filter>
    </ClInclude>
    <ClInclude Include="P12.1_T_Splay_Tree.h">
      <Filter>头文件</Filter>
    </ClInclude>
    <ClInclude Include="P12.2_Red_Black_Tree.h">
      <Filter>头文件</Filter>
    </ClInclude>
  </ItemGroup>
  <ItemGroup>
    <ClCompile Include="demo.c">
      <Filter>源文件</Filter>
    </ClCompile>
    <ClCompile Include="P4.3_binary_search_tree.c">
      <Filter>源文件</Filter>
    </ClCompile>
    <ClCompile Include="P4.4_AVL_tree.c">
      <Filter>源文件</Filter>
    </ClCompile>
    <ClCompile Include="Splay_Tree.c">
      <Filter>源文件</Filter>
    </ClCompile>
    <ClCompile Include="Draw_Binary_Tree.c">
      <Filter>源文件</Filter>
    </ClCompile>
    <ClCompile Include="P4.7_B_Tree.c">
      <Filter>源文件</Filter>
    </ClCompile>
    <ClCompile Include="P5.3_Separate_Chaining_Hashing.c">
      <Filter>源文件</Filter>
    </ClCompile>
    <ClCompile Include="P6.3_binary_heap.c">
      <Filter>源文件</Filter>
    </ClCompile>
    <ClCompile Include="Draw_Heap.c">
      <Filter>源文件</Filter>
    </ClCompile>
    <ClCompile Include="P6.5_D_Heap.c">
      <Filter>源文件</Filter>
    </ClCompile>
    <ClCompile Include="P6.6_Leftist_Heap.c">
      <Filter>源文件</Filter>
    </ClCompile>
    <ClCompile Include="P6.7_Skew_heap.c">
      <Filter>源文件</Filter>
    </ClCompile>
    <ClCompile Include="P6.8_Binomial_Queue.c">
      <Filter>源文件</Filter>
    </ClCompile>
    <ClCompile Include="P7Sort.c">
      <Filter>源文件</Filter>
    </ClCompile>
    <ClCompile Include="P12.1_T_Splay_Tree.c">
      <Filter>源文件</Filter>
    </ClCompile>
    <ClCompile Include="P12.2_Red_Black_Tree.c">
      <Filter>源文件</Filter>
    </ClCompile>
  </ItemGroup>
</Project>